
Microsoft Visual Studio Solution File, Format Version 12.00
# Visual Studio Version 17
VisualStudioVersion = 17.12.35527.113
MinimumVisualStudioVersion = 10.0.40219.1
Project("{FAE04EC0-301F-11D3-BF4B-00C04F79EFBC}") = "PSI", "PSI.csproj", "{573767B5-2F85-4885-B4E8-808884D49AB6}"
EndProject
Project("{FAE04EC0-301F-11D3-BF4B-00C04F79EFBC}") = "TestUnitaire", "..\TestUnitaire\TestUnitaire.csproj", "{61B200B2-DA9D-4309-A6F0-A634412CCFE7}"
EndProject
Global
	GlobalSection(SolutionConfigurationPlatforms) = preSolution
		Debug|Any CPU = Debug|Any CPU
		Release|Any CPU = Release|Any CPU
	EndGlobalSection
	GlobalSection(ProjectConfigurationPlatforms) = postSolution
		{573767B5-2F85-4885-B4E8-808884D49AB6}.Debug|Any CPU.ActiveCfg = Debug|Any CPU
		{573767B5-2F85-4885-B4E8-808884D49AB6}.Debug|Any CPU.Build.0 = Debug|Any CPU
		{573767B5-2F85-4885-B4E8-808884D49AB6}.Release|Any CPU.ActiveCfg = Release|Any CPU
		{573767B5-2F85-4885-B4E8-808884D49AB6}.Release|Any CPU.Build.0 = Release|Any CPU
		{61B200B2-DA9D-4309-A6F0-A634412CCFE7}.Debug|Any CPU.ActiveCfg = Debug|Any CPU
		{61B200B2-DA9D-4309-A6F0-A634412CCFE7}.Debug|Any CPU.Build.0 = Debug|Any CPU
		{61B200B2-DA9D-4309-A6F0-A634412CCFE7}.Release|Any CPU.ActiveCfg = Release|Any CPU
		{61B200B2-DA9D-4309-A6F0-A634412CCFE7}.Release|Any CPU.Build.0 = Release|Any CPU
	EndGlobalSection
	GlobalSection(SolutionProperties) = preSolution
		HideSolutionNode = FALSE
	EndGlobalSection
EndGlobal
